
Microsoft Visual Studio Solution File, Format Version 12.00
# Visual Studio Version 16
VisualStudioVersion = 16.0.31624.102
MinimumVisualStudioVersion = 10.0.40219.1
Project("{FAE04EC0-301F-11D3-BF4B-00C04F79EFBC}") = "Spotify", "Spotify\Spotify.csproj", "{95A6106F-9BFD-4F5E-81B0-C907E62C5C76}"
EndProject
Project("{FAE04EC0-301F-11D3-BF4B-00C04F79EFBC}") = "Spotify.Business", "Spotify.Business\Spotify.Business.csproj", "{3140E29C-9768-4DF4-81EA-2CF5FDC5B4E2}"
EndProject
Global
	GlobalSection(SolutionConfigurationPlatforms) = preSolution
		Debug|Any CPU = Debug|Any CPU
		Release|Any CPU = Release|Any CPU
	EndGlobalSection
	GlobalSection(ProjectConfigurationPlatforms) = postSolution
		{95A6106F-9BFD-4F5E-81B0-C907E62C5C76}.Debug|Any CPU.ActiveCfg = Debug|Any CPU
		{95A6106F-9BFD-4F5E-81B0-C907E62C5C76}.Debug|Any CPU.Build.0 = Debug|Any CPU
		{95A6106F-9BFD-4F5E-81B0-C907E62C5C76}.Release|Any CPU.ActiveCfg = Release|Any CPU
		{95A6106F-9BFD-4F5E-81B0-C907E62C5C76}.Release|Any CPU.Build.0 = Release|Any CPU
		{3140E29C-9768-4DF4-81EA-2CF5FDC5B4E2}.Debug|Any CPU.ActiveCfg = Debug|Any CPU
		{3140E29C-9768-4DF4-81EA-2CF5FDC5B4E2}.Debug|Any CPU.Build.0 = Debug|Any CPU
		{3140E29C-9768-4DF4-81EA-2CF5FDC5B4E2}.Release|Any CPU.ActiveCfg = Release|Any CPU
		{3140E29C-9768-4DF4-81EA-2CF5FDC5B4E2}.Release|Any CPU.Build.0 = Release|Any CPU
	EndGlobalSection
	GlobalSection(SolutionProperties) = preSolution
		HideSolutionNode = FALSE
	EndGlobalSection
	GlobalSection(ExtensibilityGlobals) = postSolution
		SolutionGuid = {0F276E55-2248-458A-A87A-DDBEE02AA0A3}
	EndGlobalSection
EndGlobal
